
Microsoft Visual Studio Solution File, Format Version 12.00
# Visual Studio Version 17
VisualStudioVersion = 17.6.33829.357
MinimumVisualStudioVersion = 10.0.40219.1
Project("{FAE04EC0-301F-11D3-BF4B-00C04F79EFBC}") = "RecipesApp.API", "RecipesApp.API\RecipesApp.API.csproj", "{29D9769D-CB85-4957-959A-9EE9EDC1F675}"
EndProject
Project("{FAE04EC0-301F-11D3-BF4B-00C04F79EFBC}") = "RecipesApp.DATA", "RecipesApp.DATA\RecipesApp.DATA.csproj", "{2DA95259-ACDB-4543-B6D7-548E1D675526}"
EndProject
Global
	GlobalSection(SolutionConfigurationPlatforms) = preSolution
		Debug|Any CPU = Debug|Any CPU
		Release|Any CPU = Release|Any CPU
	EndGlobalSection
	GlobalSection(ProjectConfigurationPlatforms) = postSolution
		{29D9769D-CB85-4957-959A-9EE9EDC1F675}.Debug|Any CPU.ActiveCfg = Debug|Any CPU
		{29D9769D-CB85-4957-959A-9EE9EDC1F675}.Debug|Any CPU.Build.0 = Debug|Any CPU
		{29D9769D-CB85-4957-959A-9EE9EDC1F675}.Release|Any CPU.ActiveCfg = Release|Any CPU
		{29D9769D-CB85-4957-959A-9EE9EDC1F675}.Release|Any CPU.Build.0 = Release|Any CPU
		{2DA95259-ACDB-4543-B6D7-548E1D675526}.Debug|Any CPU.ActiveCfg = Debug|Any CPU
		{2DA95259-ACDB-4543-B6D7-548E1D675526}.Debug|Any CPU.Build.0 = Debug|Any CPU
		{2DA95259-ACDB-4543-B6D7-548E1D675526}.Release|Any CPU.ActiveCfg = Release|Any CPU
		{2DA95259-ACDB-4543-B6D7-548E1D675526}.Release|Any CPU.Build.0 = Release|Any CPU
	EndGlobalSection
	GlobalSection(SolutionProperties) = preSolution
		HideSolutionNode = FALSE
	EndGlobalSection
	GlobalSection(ExtensibilityGlobals) = postSolution
		SolutionGuid = {76CA57E3-A992-45EF-BA7B-D3E7F9B829FD}
	EndGlobalSection
EndGlobal
